
Microsoft Visual Studio Solution File, Format Version 12.00
# Visual Studio Version 17
VisualStudioVersion = 17.7.34024.191
MinimumVisualStudioVersion = 10.0.40219.1
Project("{FAE04EC0-301F-11D3-BF4B-00C04F79EFBC}") = "SplineDrawingApp", "SplineDrawingApp.csproj", "{C8440D97-99D0-4445-A09D-86BFE4590F76}"
EndProject
Global
	GlobalSection(SolutionConfigurationPlatforms) = preSolution
		Debug|Any CPU = Debug|Any CPU
		Release|Any CPU = Release|Any CPU
	EndGlobalSection
	GlobalSection(ProjectConfigurationPlatforms) = postSolution
		{C8440D97-99D0-4445-A09D-86BFE4590F76}.Debug|Any CPU.ActiveCfg = Debug|Any CPU
		{C8440D97-99D0-4445-A09D-86BFE4590F76}.Debug|Any CPU.Build.0 = Debug|Any CPU
		{C8440D97-99D0-4445-A09D-86BFE4590F76}.Release|Any CPU.ActiveCfg = Release|Any CPU
		{C8440D97-99D0-4445-A09D-86BFE4590F76}.Release|Any CPU.Build.0 = Release|Any CPU
	EndGlobalSection
	GlobalSection(SolutionProperties) = preSolution
		HideSolutionNode = FALSE
	EndGlobalSection
	GlobalSection(ExtensibilityGlobals) = postSolution
		SolutionGuid = {E8CF2C52-FE87-4387-8FA2-E2EBE03AA0C1}
	EndGlobalSection
EndGlobal
